
Microsoft Visual Studio Solution File, Format Version 12.00
# Visual Studio Version 17
VisualStudioVersion = 17.1.32319.34
MinimumVisualStudioVersion = 10.0.40219.1
Project("{2150E333-8FDC-42A3-9474-1A3956D46DE8}") = "src", "src", "{69D6570E-B0C6-4E4F-9ABA-DB6D2BC6AC85}"
EndProject
Project("{2150E333-8FDC-42A3-9474-1A3956D46DE8}") = "corePackages", "corePackages", "{78BDFA9A-1A6C-4437-8BBE-BAE568B6EC21}"
EndProject
Project("{2150E333-8FDC-42A3-9474-1A3956D46DE8}") = "onlineGroceriesAppAPI", "onlineGroceriesAppAPI", "{D359C8AA-B7AD-491F-A280-4B1B80E6A322}"
EndProject
Project("{FAE04EC0-301F-11D3-BF4B-00C04F79EFBC}") = "Core.Application", "src\corePackages\Core.Application\Core.Application.csproj", "{1494FEDE-A67C-4B50-B640-F53A13E00991}"
EndProject
Project("{FAE04EC0-301F-11D3-BF4B-00C04F79EFBC}") = "Core.CrossCuttingConcers", "src\corePackages\Core.CrossCuttingConcers\Core.CrossCuttingConcers.csproj", "{38AFF1E2-F6F6-4E37-AD20-5EFEC8ECC4EF}"
EndProject
Project("{FAE04EC0-301F-11D3-BF4B-00C04F79EFBC}") = "Core.ElasticSearch", "src\corePackages\Core.ElasticSearch\Core.ElasticSearch.csproj", "{F67B4908-E156-48F9-882E-8F3C2051FF70}"
EndProject
Project("{FAE04EC0-301F-11D3-BF4B-00C04F79EFBC}") = "Core.Mailing", "src\corePackages\Core.Mailing\Core.Mailing.csproj", "{DE27EBFA-B662-47C0-897A-282760BA57EE}"
EndProject
Project("{FAE04EC0-301F-11D3-BF4B-00C04F79EFBC}") = "Core.Persistence", "src\corePackages\Core.Persistence\Core.Persistence.csproj", "{5210F4C2-B602-4A71-9DBE-25A6C1C63512}"
EndProject
Project("{FAE04EC0-301F-11D3-BF4B-00C04F79EFBC}") = "Core.Security", "src\corePackages\Core.Security\Core.Security.csproj", "{378EED0A-74DD-4151-8ACF-CA0E55A00255}"
EndProject
Project("{FAE04EC0-301F-11D3-BF4B-00C04F79EFBC}") = "Application", "src\onlineGroceriesAppAPI\Application\Application.csproj", "{E8527B22-BE1C-4C82-B88F-A3FA3F23AC92}"
EndProject
Project("{FAE04EC0-301F-11D3-BF4B-00C04F79EFBC}") = "Domain", "src\onlineGroceriesAppAPI\Domain\Domain.csproj", "{98CB11DC-3C5F-44E9-B857-05C82240D70D}"
EndProject
Project("{FAE04EC0-301F-11D3-BF4B-00C04F79EFBC}") = "Infrastructure", "src\onlineGroceriesAppAPI\Infrastructure\Infrastructure.csproj", "{42EB8E49-2D1B-4B55-B57B-C50C89AEB842}"
EndProject
Project("{FAE04EC0-301F-11D3-BF4B-00C04F79EFBC}") = "Persistence", "src\onlineGroceriesAppAPI\Persistence\Persistence.csproj", "{44667AD0-90FB-4F14-9C88-0831BEFB2475}"
EndProject
Project("{FAE04EC0-301F-11D3-BF4B-00C04F79EFBC}") = "WebAPI", "src\onlineGroceriesAppAPI\WebAPI\WebAPI.csproj", "{12083ACC-5ACB-483C-9644-E8ADB1FF50F2}"
EndProject
Global
	GlobalSection(SolutionConfigurationPlatforms) = preSolution
		Debug|Any CPU = Debug|Any CPU
		Release|Any CPU = Release|Any CPU
	EndGlobalSection
	GlobalSection(ProjectConfigurationPlatforms) = postSolution
		{1494FEDE-A67C-4B50-B640-F53A13E00991}.Debug|Any CPU.ActiveCfg = Debug|Any CPU
		{1494FEDE-A67C-4B50-B640-F53A13E00991}.Debug|Any CPU.Build.0 = Debug|Any CPU
		{1494FEDE-A67C-4B50-B640-F53A13E00991}.Release|Any CPU.ActiveCfg = Release|Any CPU
		{1494FEDE-A67C-4B50-B640-F53A13E00991}.Release|Any CPU.Build.0 = Release|Any CPU
		{38AFF1E2-F6F6-4E37-AD20-5EFEC8ECC4EF}.Debug|Any CPU.ActiveCfg = Debug|Any CPU
		{38AFF1E2-F6F6-4E37-AD20-5EFEC8ECC4EF}.Debug|Any CPU.Build.0 = Debug|Any CPU
		{38AFF1E2-F6F6-4E37-AD20-5EFEC8ECC4EF}.Release|Any CPU.ActiveCfg = Release|Any CPU
		{38AFF1E2-F6F6-4E37-AD20-5EFEC8ECC4EF}.Release|Any CPU.Build.0 = Release|Any CPU
		{F67B4908-E156-48F9-882E-8F3C2051FF70}.Debug|Any CPU.ActiveCfg = Debug|Any CPU
		{F67B4908-E156-48F9-882E-8F3C2051FF70}.Debug|Any CPU.Build.0 = Debug|Any CPU
		{F67B4908-E156-48F9-882E-8F3C2051FF70}.Release|Any CPU.ActiveCfg = Release|Any CPU
		{F67B4908-E156-48F9-882E-8F3C2051FF70}.Release|Any CPU.Build.0 = Release|Any CPU
		{DE27EBFA-B662-47C0-897A-282760BA57EE}.Debug|Any CPU.ActiveCfg = Debug|Any CPU
		{DE27EBFA-B662-47C0-897A-282760BA57EE}.Debug|Any CPU.Build.0 = Debug|Any CPU
		{DE27EBFA-B662-47C0-897A-282760BA57EE}.Release|Any CPU.ActiveCfg = Release|Any CPU
		{DE27EBFA-B662-47C0-897A-282760BA57EE}.Release|Any CPU.Build.0 = Release|Any CPU
		{5210F4C2-B602-4A71-9DBE-25A6C1C63512}.Debug|Any CPU.ActiveCfg = Debug|Any CPU
		{5210F4C2-B602-4A71-9DBE-25A6C1C63512}.Debug|Any CPU.Build.0 = Debug|Any CPU
		{5210F4C2-B602-4A71-9DBE-25A6C1C63512}.Release|Any CPU.ActiveCfg = Release|Any CPU
		{5210F4C2-B602-4A71-9DBE-25A6C1C63512}.Release|Any CPU.Build.0 = Release|Any CPU
		{378EED0A-74DD-4151-8ACF-CA0E55A00255}.Debug|Any CPU.ActiveCfg = Debug|Any CPU
		{378EED0A-74DD-4151-8ACF-CA0E55A00255}.Debug|Any CPU.Build.0 = Debug|Any CPU
		{378EED0A-74DD-4151-8ACF-CA0E55A00255}.Release|Any CPU.ActiveCfg = Release|Any CPU
		{378EED0A-74DD-4151-8ACF-CA0E55A00255}.Release|Any CPU.Build.0 = Release|Any CPU
		{E8527B22-BE1C-4C82-B88F-A3FA3F23AC92}.Debug|Any CPU.ActiveCfg = Debug|Any CPU
		{E8527B22-BE1C-4C82-B88F-A3FA3F23AC92}.Debug|Any CPU.Build.0 = Debug|Any CPU
		{E8527B22-BE1C-4C82-B88F-A3FA3F23AC92}.Release|Any CPU.ActiveCfg = Release|Any CPU
		{E8527B22-BE1C-4C82-B88F-A3FA3F23AC92}.Release|Any CPU.Build.0 = Release|Any CPU
		{98CB11DC-3C5F-44E9-B857-05C82240D70D}.Debug|Any CPU.ActiveCfg = Debug|Any CPU
		{98CB11DC-3C5F-44E9-B857-05C82240D70D}.Debug|Any CPU.Build.0 = Debug|Any CPU
		{98CB11DC-3C5F-44E9-B857-05C82240D70D}.Release|Any CPU.ActiveCfg = Release|Any CPU
		{98CB11DC-3C5F-44E9-B857-05C82240D70D}.Release|Any CPU.Build.0 = Release|Any CPU
		{42EB8E49-2D1B-4B55-B57B-C50C89AEB842}.Debug|Any CPU.ActiveCfg = Debug|Any CPU
		{42EB8E49-2D1B-4B55-B57B-C50C89AEB842}.Debug|Any CPU.Build.0 = Debug|Any CPU
		{42EB8E49-2D1B-4B55-B57B-C50C89AEB842}.Release|Any CPU.ActiveCfg = Release|Any CPU
		{42EB8E49-2D1B-4B55-B57B-C50C89AEB842}.Release|Any CPU.Build.0 = Release|Any CPU
		{44667AD0-90FB-4F14-9C88-0831BEFB2475}.Debug|Any CPU.ActiveCfg = Debug|Any CPU
		{44667AD0-90FB-4F14-9C88-0831BEFB2475}.Debug|Any CPU.Build.0 = Debug|Any CPU
		{44667AD0-90FB-4F14-9C88-0831BEFB2475}.Release|Any CPU.ActiveCfg = Release|Any CPU
		{44667AD0-90FB-4F14-9C88-0831BEFB2475}.Release|Any CPU.Build.0 = Release|Any CPU
		{12083ACC-5ACB-483C-9644-E8ADB1FF50F2}.Debug|Any CPU.ActiveCfg = Debug|Any CPU
		{12083ACC-5ACB-483C-9644-E8ADB1FF50F2}.Debug|Any CPU.Build.0 = Debug|Any CPU
		{12083ACC-5ACB-483C-9644-E8ADB1FF50F2}.Release|Any CPU.ActiveCfg = Release|Any CPU
		{12083ACC-5ACB-483C-9644-E8ADB1FF50F2}.Release|Any CPU.Build.0 = Release|Any CPU
	EndGlobalSection
	GlobalSection(SolutionProperties) = preSolution
		HideSolutionNode = FALSE
	EndGlobalSection
	GlobalSection(NestedProjects) = preSolution
		{78BDFA9A-1A6C-4437-8BBE-BAE568B6EC21} = {69D6570E-B0C6-4E4F-9ABA-DB6D2BC6AC85}
		{D359C8AA-B7AD-491F-A280-4B1B80E6A322} = {69D6570E-B0C6-4E4F-9ABA-DB6D2BC6AC85}
		{1494FEDE-A67C-4B50-B640-F53A13E00991} = {78BDFA9A-1A6C-4437-8BBE-BAE568B6EC21}
		{38AFF1E2-F6F6-4E37-AD20-5EFEC8ECC4EF} = {78BDFA9A-1A6C-4437-8BBE-BAE568B6EC21}
		{F67B4908-E156-48F9-882E-8F3C2051FF70} = {78BDFA9A-1A6C-4437-8BBE-BAE568B6EC21}
		{DE27EBFA-B662-47C0-897A-282760BA57EE} = {78BDFA9A-1A6C-4437-8BBE-BAE568B6EC21}
		{5210F4C2-B602-4A71-9DBE-25A6C1C63512} = {78BDFA9A-1A6C-4437-8BBE-BAE568B6EC21}
		{378EED0A-74DD-4151-8ACF-CA0E55A00255} = {78BDFA9A-1A6C-4437-8BBE-BAE568B6EC21}
		{E8527B22-BE1C-4C82-B88F-A3FA3F23AC92} = {D359C8AA-B7AD-491F-A280-4B1B80E6A322}
		{98CB11DC-3C5F-44E9-B857-05C82240D70D} = {D359C8AA-B7AD-491F-A280-4B1B80E6A322}
		{42EB8E49-2D1B-4B55-B57B-C50C89AEB842} = {D359C8AA-B7AD-491F-A280-4B1B80E6A322}
		{44667AD0-90FB-4F14-9C88-0831BEFB2475} = {D359C8AA-B7AD-491F-A280-4B1B80E6A322}
		{12083ACC-5ACB-483C-9644-E8ADB1FF50F2} = {D359C8AA-B7AD-491F-A280-4B1B80E6A322}
	EndGlobalSection
	GlobalSection(ExtensibilityGlobals) = postSolution
		SolutionGuid = {120782E5-2A35-4B02-8973-0F453EB1CEDF}
	EndGlobalSection
EndGlobal
